// !$*UTF8*$!
{
	archiveVersion = 1;
	classes = {
	};
	objectVersion = 46;
	objects = {

/* Begin PBXBuildFile section */
		3863FDAC143374D200B4E422 /* UIKit.framework in Frameworks */ = {isa = PBXBuildFile; fileRef = 3863FDAB143374D200B4E422 /* UIKit.framework */; };
		3863FDAE143374D200B4E422 /* Foundation.framework in Frameworks */ = {isa = PBXBuildFile; fileRef = 3863FDAD143374D200B4E422 /* Foundation.framework */; };
		3863FDB0143374D200B4E422 /* CoreGraphics.framework in Frameworks */ = {isa = PBXBuildFile; fileRef = 3863FDAF143374D200B4E422 /* CoreGraphics.framework */; };
		3863FDB6143374D200B4E422 /* InfoPlist.strings in Resources */ = {isa = PBXBuildFile; fileRef = 3863FDB4143374D200B4E422 /* InfoPlist.strings */; };
		3863FDB8143374D200B4E422 /* main.m in Sources */ = {isa = PBXBuildFile; fileRef = 3863FDB7143374D200B4E422 /* main.m */; };
		3863FDBC143374D200B4E422 /* afUisAppDelegate.m in Sources */ = {isa = PBXBuildFile; fileRef = 3863FDBB143374D200B4E422 /* afUisAppDelegate.m */; };
		3863FDBF143374D200B4E422 /* MainWindow.xib in Resources */ = {isa = PBXBuildFile; fileRef = 3863FDBD143374D200B4E422 /* MainWindow.xib */; };
		3863FDC2143374D200B4E422 /* RootViewController.m in Sources */ = {isa = PBXBuildFile; fileRef = 3863FDC1143374D200B4E422 /* RootViewController.m */; };
		3863FDC5143374D200B4E422 /* RootViewController.xib in Resources */ = {isa = PBXBuildFile; fileRef = 3863FDC3143374D200B4E422 /* RootViewController.xib */; };
/* End PBXBuildFile section */

/* Begin PBXFileReference section */
		3863FDA7143374D200B4E422 /* afUis.app */ = {isa = PBXFileReference; explicitFileType = wrapper.application; includeInIndex = 0; path = afUis.app; sourceTree = BUILT_PRODUCTS_DIR; };
		3863FDAB143374D200B4E422 /* UIKit.framework */ = {isa = PBXFileReference; lastKnownFileType = wrapper.framework; name = UIKit.framework; path = System/Library/Frameworks/UIKit.framework; sourceTree = SDKROOT; };
		3863FDAD143374D200B4E422 /* Foundation.framework */ = {isa = PBXFileReference; lastKnownFileType = wrapper.framework; name = Foundation.framework; path = System/Library/Frameworks/Foundation.framework; sourceTree = SDKROOT; };
		3863FDAF143374D200B4E422 /* CoreGraphics.framework */ = {isa = PBXFileReference; lastKnownFileType = wrapper.framework; name = CoreGraphics.framework; path = System/Library/Frameworks/CoreGraphics.framework; sourceTree = SDKROOT; };
		3863FDB3143374D200B4E422 /* afUis-Info.plist */ = {isa = PBXFileReference; lastKnownFileType = text.plist.xml; path = "afUis-Info.plist"; sourceTree = "<group>"; };
		3863FDB5143374D200B4E422 /* en */ = {isa = PBXFileReference; lastKnownFileType = text.plist.strings; name = en; path = en.lproj/InfoPlist.strings; sourceTree = "<group>"; };
		3863FDB7143374D200B4E422 /* main.m */ = {isa = PBXFileReference; lastKnownFileType = sourcecode.c.objc; path = main.m; sourceTree = "<group>"; };
		3863FDB9143374D200B4E422 /* afUis-Prefix.pch */ = {isa = PBXFileReference; lastKnownFileType = sourcecode.c.h; path = "afUis-Prefix.pch"; sourceTree = "<group>"; };
		3863FDBA143374D200B4E422 /* afUisAppDelegate.h */ = {isa = PBXFileReference; lastKnownFileType = sourcecode.c.h; path = afUisAppDelegate.h; sourceTree = "<group>"; };
		3863FDBB143374D200B4E422 /* afUisAppDelegate.m */ = {isa = PBXFileReference; lastKnownFileType = sourcecode.c.objc; path = afUisAppDelegate.m; sourceTree = "<group>"; };
		3863FDBE143374D200B4E422 /* en */ = {isa = PBXFileReference; lastKnownFileType = file.xib; name = en; path = en.lproj/MainWindow.xib; sourceTree = "<group>"; };
		3863FDC0143374D200B4E422 /* RootViewController.h */ = {isa = PBXFileReference; lastKnownFileType = sourcecode.c.h; path = RootViewController.h; sourceTree = "<group>"; };
		3863FDC1143374D200B4E422 /* RootViewController.m */ = {isa = PBXFileReference; lastKnownFileType = sourcecode.c.objc; path = RootViewController.m; sourceTree = "<group>"; };
		3863FDC4143374D200B4E422 /* en */ = {isa = PBXFileReference; lastKnownFileType = file.xib; name = en; path = en.lproj/RootViewController.xib; sourceTree = "<group>"; };
/* End PBXFileReference section */

/* Begin PBXFrameworksBuildPhase section */
		3863FDA4143374D200B4E422 /* Frameworks */ = {
			isa = PBXFrameworksBuildPhase;
			buildActionMask = 2147483647;
			files = (
				3863FDAC143374D200B4E422 /* UIKit.framework in Frameworks */,
				3863FDAE143374D200B4E422 /* Foundation.framework in Frameworks */,
				3863FDB0143374D200B4E422 /* CoreGraphics.framework in Frameworks */,
			);
			runOnlyForDeploymentPostprocessing = 0;
		};
/* End PBXFrameworksBuildPhase section */

/* Begin PBXGroup section */
		3863FD9C143374D200B4E422 = {
			isa = PBXGroup;
			children = (
				3863FDB1143374D200B4E422 /* afUis */,
				3863FDAA143374D200B4E422 /* Frameworks */,
				3863FDA8143374D200B4E422 /* Products */,
			);
			sourceTree = "<group>";
		};
		3863FDA8143374D200B4E422 /* Products */ = {
			isa = PBXGroup;
			children = (
				3863FDA7143374D200B4E422 /* afUis.app */,
			);
			name = Products;
			sourceTree = "<group>";
		};
		3863FDAA143374D200B4E422 /* Frameworks */ = {
			isa = PBXGroup;
			children = (
				3863FDAB143374D200B4E422 /* UIKit.framework */,
				3863FDAD143374D200B4E422 /* Foundation.framework */,
				3863FDAF143374D200B4E422 /* CoreGraphics.framework */,
			);
			name = Frameworks;
			sourceTree = "<group>";
		};
		3863FDB1143374D200B4E422 /* afUis */ = {
			isa = PBXGroup;
			children = (
				3863FDBA143374D200B4E422 /* afUisAppDelegate.h */,
				3863FDBB143374D200B4E422 /* afUisAppDelegate.m */,
				3863FDBD143374D200B4E422 /* MainWindow.xib */,
				3863FDC0143374D200B4E422 /* RootViewController.h */,
				3863FDC1143374D200B4E422 /* RootViewController.m */,
				3863FDC3143374D200B4E422 /* RootViewController.xib */,
				3863FDB2143374D200B4E422 /* Supporting Files */,
			);
			path = afUis;
			sourceTree = "<group>";
		};
		3863FDB2143374D200B4E422 /* Supporting Files */ = {
			isa = PBXGroup;
			children = (
				3863FDB3143374D200B4E422 /* afUis-Info.plist */,
				3863FDB4143374D200B4E422 /* InfoPlist.strings */,
				3863FDB7143374D200B4E422 /* main.m */,
				3863FDB9143374D200B4E422 /* afUis-Prefix.pch */,
			);
			name = "Supporting Files";
			sourceTree = "<group>";
		};
/* End PBXGroup section */

/* Begin PBXNativeTarget section */
		3863FDA6143374D200B4E422 /* afUis */ = {
			isa = PBXNativeTarget;
			buildConfigurationList = 3863FDC8143374D200B4E422 /* Build configuration list for PBXNativeTarget "afUis" */;
			buildPhases = (
				3863FDA3143374D200B4E422 /* Sources */,
				3863FDA4143374D200B4E422 /* Frameworks */,
				3863FDA5143374D200B4E422 /* Resources */,
			);
			buildRules = (
			);
			dependencies = (
			);
			name = afUis;
			productName = afUis;
			productReference = 3863FDA7143374D200B4E422 /* afUis.app */;
			productType = "com.apple.product-type.application";
		};
/* End PBXNativeTarget section */

/* Begin PBXProject section */
		3863FD9E143374D200B4E422 /* Project object */ = {
			isa = PBXProject;
			attributes = {
				ORGANIZATIONNAME = "Ferré";
			};
			buildConfigurationList = 3863FDA1143374D200B4E422 /* Build configuration list for PBXProject "afUis" */;
			compatibilityVersion = "Xcode 3.2";
			developmentRegion = English;
			hasScannedForEncodings = 0;
			knownRegions = (
				en,
			);
			mainGroup = 3863FD9C143374D200B4E422;
			productRefGroup = 3863FDA8143374D200B4E422 /* Products */;
			projectDirPath = "";
			projectRoot = "";
			targets = (
				3863FDA6143374D200B4E422 /* afUis */,
			);
		};
/* End PBXProject section */

/* Begin PBXResourcesBuildPhase section */
		3863FDA5143374D200B4E422 /* Resources */ = {
			isa = PBXResourcesBuildPhase;
			buildActionMask = 2147483647;
			files = (
				3863FDB6143374D200B4E422 /* InfoPlist.strings in Resources */,
				3863FDBF143374D200B4E422 /* MainWindow.xib in Resources */,
				3863FDC5143374D200B4E422 /* RootViewController.xib in Resources */,
			);
			runOnlyForDeploymentPostprocessing = 0;
		};
/* End PBXResourcesBuildPhase section */

/* Begin PBXSourcesBuildPhase section */
		3863FDA3143374D200B4E422 /* Sources */ = {
			isa = PBXSourcesBuildPhase;
			buildActionMask = 2147483647;
			files = (
				3863FDB8143374D200B4E422 /* main.m in Sources */,
				3863FDBC143374D200B4E422 /* afUisAppDelegate.m in Sources */,
				3863FDC2143374D200B4E422 /* RootViewController.m in Sources */,
			);
			runOnlyForDeploymentPostprocessing = 0;
		};
/* End PBXSourcesBuildPhase section */

/* Begin PBXVariantGroup section */
		3863FDB4143374D200B4E422 /* InfoPlist.strings */ = {
			isa = PBXVariantGroup;
			children = (
				3863FDB5143374D200B4E422 /* en */,
			);
			name = InfoPlist.strings;
			sourceTree = "<group>";
		};
		3863FDBD143374D200B4E422 /* MainWindow.xib */ = {
			isa = PBXVariantGroup;
			children = (
				3863FDBE143374D200B4E422 /* en */,
			);
			name = MainWindow.xib;
			sourceTree = "<group>";
		};
		3863FDC3143374D200B4E422 /* RootViewController.xib */ = {
			isa = PBXVariantGroup;
			children = (
				3863FDC4143374D200B4E422 /* en */,
			);
			name = RootViewController.xib;
			sourceTree = "<group>";
		};
/* End PBXVariantGroup section */

/* Begin XCBuildConfiguration section */
		3863FDC6143374D200B4E422 /* Debug */ = {
			isa = XCBuildConfiguration;
			buildSettings = {
				ALWAYS_SEARCH_USER_PATHS = NO;
				ARCHS = "$(ARCHS_STANDARD_32_BIT)";
				"CODE_SIGN_IDENTITY[sdk=iphoneos*]" = "iPhone Developer";
				COPY_PHASE_STRIP = NO;
				GCC_C_LANGUAGE_STANDARD = gnu99;
				GCC_DYNAMIC_NO_PIC = NO;
				GCC_OPTIMIZATION_LEVEL = 0;
				GCC_PREPROCESSOR_DEFINITIONS = (
					"DEBUG=1",
					"$(inherited)",
				);
				GCC_SYMBOLS_PRIVATE_EXTERN = NO;
				GCC_VERSION = com.apple.compilers.llvmgcc42;
				GCC_WARN_ABOUT_MISSING_PROTOTYPES = YES;
				GCC_WARN_ABOUT_RETURN_TYPE = YES;
				GCC_WARN_UNUSED_VARIABLE = YES;
				IPHONEOS_DEPLOYMENT_TARGET = 4.3;
				SDKROOT = iphoneos;
			};
			name = Debug;
		};
		3863FDC7143374D200B4E422 /* Release */ = {
			isa = XCBuildConfiguration;
			buildSettings = {
				ALWAYS_SEARCH_USER_PATHS = NO;
				ARCHS = "$(ARCHS_STANDARD_32_BIT)";
				"CODE_SIGN_IDENTITY[sdk=iphoneos*]" = "iPhone Developer";
				COPY_PHASE_STRIP = YES;
				GCC_C_LANGUAGE_STANDARD = gnu99;
				GCC_VERSION = com.apple.compilers.llvmgcc42;
				GCC_WARN_ABOUT_MISSING_PROTOTYPES = YES;
				GCC_WARN_ABOUT_RETURN_TYPE = YES;
				GCC_WARN_UNUSED_VARIABLE = YES;
				IPHONEOS_DEPLOYMENT_TARGET = 4.3;
				OTHER_CFLAGS = "-DNS_BLOCK_ASSERTIONS=1";
				SDKROOT = iphoneos;
				VALIDATE_PRODUCT = YES;
			};
			name = Release;
		};
		3863FDC9143374D200B4E422 /* Debug */ = {
			isa = XCBuildConfiguration;
			buildSettings = {
				GCC_PRECOMPILE_PREFIX_HEADER = YES;
				GCC_PREFIX_HEADER = "afUis/afUis-Prefix.pch";
				INFOPLIST_FILE = "afUis/afUis-Info.plist";
				PRODUCT_NAME = "$(TARGET_NAME)";
				WRAPPER_EXTENSION = app;
			};
			name = Debug;
		};
		3863FDCA143374D200B4E422 /* Release */ = {
			isa = XCBuildConfiguration;
			buildSettings = {
				GCC_PRECOMPILE_PREFIX_HEADER = YES;
				GCC_PREFIX_HEADER = "afUis/afUis-Prefix.pch";
				INFOPLIST_FILE = "afUis/afUis-Info.plist";
				PRODUCT_NAME = "$(TARGET_NAME)";
				WRAPPER_EXTENSION = app;
			};
			name = Release;
		};
/* End XCBuildConfiguration section */

/* Begin XCConfigurationList section */
		3863FDA1143374D200B4E422 /* Build configuration list for PBXProject "afUis" */ = {
			isa = XCConfigurationList;
			buildConfigurations = (
				3863FDC6143374D200B4E422 /* Debug */,
				3863FDC7143374D200B4E422 /* Release */,
			);
			defaultConfigurationIsVisible = 0;
			defaultConfigurationName = Release;
		};
		3863FDC8143374D200B4E422 /* Build configuration list for PBXNativeTarget "afUis" */ = {
			isa = XCConfigurationList;
			buildConfigurations = (
				3863FDC9143374D200B4E422 /* Debug */,
				3863FDCA143374D200B4E422 /* Release */,
			);
			defaultConfigurationIsVisible = 0;
		};
/* End XCConfigurationList section */
	};
	rootObject = 3863FD9E143374D200B4E422 /* Project object */;
}
